
Microsoft Visual Studio Solution File, Format Version 12.00
# Visual Studio Version 17
VisualStudioVersion = 17.9.34616.47
MinimumVisualStudioVersion = 10.0.40219.1
Project("{9A19103F-16F7-4668-BE54-9A1E7A4F7556}") = "P01_HelloWorld", "CsNot\P01_HelloWorld.csproj", "{B28412A1-5F12-4505-9C27-508BECB3602F}"
EndProject
Project("{9A19103F-16F7-4668-BE54-9A1E7A4F7556}") = "PO2_VariableWorld", "PO2_VariableWorld\PO2_VariableWorld.csproj", "{D3B8688A-7874-4476-92CB-EF0D0BB223A2}"
EndProject
Project("{9A19103F-16F7-4668-BE54-9A1E7A4F7556}") = "PO3_TypeConversions", "PO3_TypeConversions\PO3_TypeConversions.csproj", "{5E978F30-711C-4407-A462-A8F464656ECD}"
EndProject
Project("{9A19103F-16F7-4668-BE54-9A1E7A4F7556}") = "PO4_Operators", "PO4_Operators\PO4_Operators.csproj", "{39D5DE91-1592-403C-8F50-33CF8B2EDB38}"
EndProject
Project("{9A19103F-16F7-4668-BE54-9A1E7A4F7556}") = "PO5_FlowMechanisms", "PO5_FlowMechanisms\PO5_FlowMechanisms.csproj", "{7D9ACE80-DC89-47AB-ABD9-FDFB8CF0B92C}"
EndProject
Project("{9A19103F-16F7-4668-BE54-9A1E7A4F7556}") = "P06_Arrays", "P06_Arrays\P06_Arrays.csproj", "{380A2D27-6CBF-488E-ABF3-A79AFB2AE425}"
EndProject
Project("{9A19103F-16F7-4668-BE54-9A1E7A4F7556}") = "PO7_Functions", "PO7_Functions\PO7_Functions.csproj", "{AE56AD5B-C318-409A-95E6-A59A638C9FA8}"
EndProject
Project("{9A19103F-16F7-4668-BE54-9A1E7A4F7556}") = "Workout", "Workout\Workout.csproj", "{87E2ABE6-6BDF-45EB-8FC8-D0703FA4C907}"
EndProject
Project("{FAE04EC0-301F-11D3-BF4B-00C04F79EFBC}") = "PO8_ExceptionHandling", "PO8_ExceptionHandling\PO8_ExceptionHandling.csproj", "{E6B57016-15E0-42CF-8566-7431D6054AB7}"
EndProject
Project("{FAE04EC0-301F-11D3-BF4B-00C04F79EFBC}") = "PO9_Methods", "PO9_Methods\PO9_Methods.csproj", "{8C1F7473-87BA-41D9-A3EB-E97E13B13566}"
EndProject
Global
	GlobalSection(SolutionConfigurationPlatforms) = preSolution
		Debug|Any CPU = Debug|Any CPU
		Release|Any CPU = Release|Any CPU
	EndGlobalSection
	GlobalSection(ProjectConfigurationPlatforms) = postSolution
		{B28412A1-5F12-4505-9C27-508BECB3602F}.Debug|Any CPU.ActiveCfg = Debug|Any CPU
		{B28412A1-5F12-4505-9C27-508BECB3602F}.Debug|Any CPU.Build.0 = Debug|Any CPU
		{B28412A1-5F12-4505-9C27-508BECB3602F}.Release|Any CPU.ActiveCfg = Release|Any CPU
		{B28412A1-5F12-4505-9C27-508BECB3602F}.Release|Any CPU.Build.0 = Release|Any CPU
		{D3B8688A-7874-4476-92CB-EF0D0BB223A2}.Debug|Any CPU.ActiveCfg = Debug|Any CPU
		{D3B8688A-7874-4476-92CB-EF0D0BB223A2}.Debug|Any CPU.Build.0 = Debug|Any CPU
		{D3B8688A-7874-4476-92CB-EF0D0BB223A2}.Release|Any CPU.ActiveCfg = Release|Any CPU
		{D3B8688A-7874-4476-92CB-EF0D0BB223A2}.Release|Any CPU.Build.0 = Release|Any CPU
		{5E978F30-711C-4407-A462-A8F464656ECD}.Debug|Any CPU.ActiveCfg = Debug|Any CPU
		{5E978F30-711C-4407-A462-A8F464656ECD}.Debug|Any CPU.Build.0 = Debug|Any CPU
		{5E978F30-711C-4407-A462-A8F464656ECD}.Release|Any CPU.ActiveCfg = Release|Any CPU
		{5E978F30-711C-4407-A462-A8F464656ECD}.Release|Any CPU.Build.0 = Release|Any CPU
		{39D5DE91-1592-403C-8F50-33CF8B2EDB38}.Debug|Any CPU.ActiveCfg = Debug|Any CPU
		{39D5DE91-1592-403C-8F50-33CF8B2EDB38}.Debug|Any CPU.Build.0 = Debug|Any CPU
		{39D5DE91-1592-403C-8F50-33CF8B2EDB38}.Release|Any CPU.ActiveCfg = Release|Any CPU
		{39D5DE91-1592-403C-8F50-33CF8B2EDB38}.Release|Any CPU.Build.0 = Release|Any CPU
		{7D9ACE80-DC89-47AB-ABD9-FDFB8CF0B92C}.Debug|Any CPU.ActiveCfg = Debug|Any CPU
		{7D9ACE80-DC89-47AB-ABD9-FDFB8CF0B92C}.Debug|Any CPU.Build.0 = Debug|Any CPU
		{7D9ACE80-DC89-47AB-ABD9-FDFB8CF0B92C}.Release|Any CPU.ActiveCfg = Release|Any CPU
		{7D9ACE80-DC89-47AB-ABD9-FDFB8CF0B92C}.Release|Any CPU.Build.0 = Release|Any CPU
		{380A2D27-6CBF-488E-ABF3-A79AFB2AE425}.Debug|Any CPU.ActiveCfg = Debug|Any CPU
		{380A2D27-6CBF-488E-ABF3-A79AFB2AE425}.Debug|Any CPU.Build.0 = Debug|Any CPU
		{380A2D27-6CBF-488E-ABF3-A79AFB2AE425}.Release|Any CPU.ActiveCfg = Release|Any CPU
		{380A2D27-6CBF-488E-ABF3-A79AFB2AE425}.Release|Any CPU.Build.0 = Release|Any CPU
		{AE56AD5B-C318-409A-95E6-A59A638C9FA8}.Debug|Any CPU.ActiveCfg = Debug|Any CPU
		{AE56AD5B-C318-409A-95E6-A59A638C9FA8}.Debug|Any CPU.Build.0 = Debug|Any CPU
		{AE56AD5B-C318-409A-95E6-A59A638C9FA8}.Release|Any CPU.ActiveCfg = Release|Any CPU
		{AE56AD5B-C318-409A-95E6-A59A638C9FA8}.Release|Any CPU.Build.0 = Release|Any CPU
		{87E2ABE6-6BDF-45EB-8FC8-D0703FA4C907}.Debug|Any CPU.ActiveCfg = Debug|Any CPU
		{87E2ABE6-6BDF-45EB-8FC8-D0703FA4C907}.Debug|Any CPU.Build.0 = Debug|Any CPU
		{87E2ABE6-6BDF-45EB-8FC8-D0703FA4C907}.Release|Any CPU.ActiveCfg = Release|Any CPU
		{87E2ABE6-6BDF-45EB-8FC8-D0703FA4C907}.Release|Any CPU.Build.0 = Release|Any CPU
		{E6B57016-15E0-42CF-8566-7431D6054AB7}.Debug|Any CPU.ActiveCfg = Debug|Any CPU
		{E6B57016-15E0-42CF-8566-7431D6054AB7}.Debug|Any CPU.Build.0 = Debug|Any CPU
		{E6B57016-15E0-42CF-8566-7431D6054AB7}.Release|Any CPU.ActiveCfg = Release|Any CPU
		{E6B57016-15E0-42CF-8566-7431D6054AB7}.Release|Any CPU.Build.0 = Release|Any CPU
		{8C1F7473-87BA-41D9-A3EB-E97E13B13566}.Debug|Any CPU.ActiveCfg = Debug|Any CPU
		{8C1F7473-87BA-41D9-A3EB-E97E13B13566}.Debug|Any CPU.Build.0 = Debug|Any CPU
		{8C1F7473-87BA-41D9-A3EB-E97E13B13566}.Release|Any CPU.ActiveCfg = Release|Any CPU
		{8C1F7473-87BA-41D9-A3EB-E97E13B13566}.Release|Any CPU.Build.0 = Release|Any CPU
	EndGlobalSection
	GlobalSection(SolutionProperties) = preSolution
		HideSolutionNode = FALSE
	EndGlobalSection
	GlobalSection(ExtensibilityGlobals) = postSolution
		SolutionGuid = {6E2B60B1-9B61-4729-B25E-269C60343A32}
	EndGlobalSection
EndGlobal
